{
  "nodes": {
    "buildNodeModules": {
      "inputs": {
        "nixpkgs": "nixpkgs"
      },
      "locked": {
        "lastModified": 1721879795,
        "narHash": "sha256-xisS3Xq4pSS8SMpRpD/YltBMyzNI4lofvuIFN+BizrI=",
        "owner": "adisbladis",
        "repo": "buildNodeModules",
        "rev": "98a462e86162ad8fc123f071e2e45fa5fd576e24",
        "type": "github"
      },
      "original": {
        "owner": "adisbladis",
        "repo": "buildNodeModules",
        "type": "github"
      }
    },
    "flake-utils": {
      "inputs": {
        "systems": "systems"
      },
      "locked": {
        "lastModified": 1705309234,
        "narHash": "sha256-uNRRNRKmJyCRC/8y1RqBkqWBLM034y4qN7EprSdmgyA=",
        "owner": "numtide",
        "repo": "flake-utils",
        "rev": "1ef2e671c3b0c19053962c07dbda38332dcebf26",
        "type": "github"
      },
      "original": {
        "owner": "numtide",
        "repo": "flake-utils",
        "type": "github"
      }
    },
    "nix-github-actions": {
      "inputs": {
        "nixpkgs": [
          "poetry2nix",
          "nixpkgs"
        ]
      },
      "locked": {
        "lastModified": 1703863825,
        "narHash": "sha256-rXwqjtwiGKJheXB43ybM8NwWB8rO2dSRrEqes0S7F5Y=",
        "owner": "nix-community",
        "repo": "nix-github-actions",
        "rev": "5163432afc817cf8bd1f031418d1869e4c9d5547",
        "type": "github"
      },
      "original": {
        "owner": "nix-community",
        "repo": "nix-github-actions",
        "type": "github"
      }
    },
    "nixpkgs": {
      "locked": {
        "lastModified": 1708407325,
        "narHash": "sha256-P93MEydbhBe97i+8JKZUgfxZRr7/LoMiHvfb8VLFZ4k=",
        "owner": "adisbladis",
        "repo": "nixpkgs",
        "rev": "f73c22fb5094f9829695469130b2c04059c7a425",
        "type": "github"
      },
      "original": {
        "owner": "adisbladis",
        "ref": "fetchnpmlock",
        "repo": "nixpkgs",
        "type": "github"
      }
    },
    "nixpkgs_2": {
      "locked": {
        "lastModified": 1723991338,
        "narHash": "sha256-Grh5PF0+gootJfOJFenTTxDTYPidA3V28dqJ/WV7iis=",
        "owner": "ahbk",
        "repo": "nixpkgs",
        "rev": "8a3354191c0d7144db9756a74755672387b702ba",
        "type": "github"
      },
      "original": {
        "owner": "ahbk",
        "ref": "nixos-unstable",
        "repo": "nixpkgs",
        "type": "github"
      }
    },
    "poetry2nix": {
      "inputs": {
        "flake-utils": "flake-utils",
        "nix-github-actions": "nix-github-actions",
        "nixpkgs": [
          "nixpkgs"
        ],
        "systems": "systems_2",
        "treefmt-nix": "treefmt-nix"
      },
      "locked": {
        "lastModified": 1724208502,
        "narHash": "sha256-TCRcEPSfgAw/t7kClmlr23s591N06mQCrhzlAO7cyFw=",
        "owner": "nix-community",
        "repo": "poetry2nix",
        "rev": "884b66152b0c625b8220b570a31dc7acc36749a3",
        "type": "github"
      },
      "original": {
        "owner": "nix-community",
        "repo": "poetry2nix",
        "type": "github"
      }
    },
    "root": {
      "inputs": {
        "buildNodeModules": "buildNodeModules",
        "nixpkgs": "nixpkgs_2",
        "poetry2nix": "poetry2nix"
      }
    },
    "systems": {
      "locked": {
        "lastModified": 1681028828,
        "narHash": "sha256-Vy1rq5AaRuLzOxct8nz4T6wlgyUR7zLU309k9mBC768=",
        "owner": "nix-systems",
        "repo": "default",
        "rev": "da67096a3b9bf56a91d16901293e51ba5b49a27e",
        "type": "github"
      },
      "original": {
        "owner": "nix-systems",
        "repo": "default",
        "type": "github"
      }
    },
    "systems_2": {
      "locked": {
        "lastModified": 1681028828,
        "narHash": "sha256-Vy1rq5AaRuLzOxct8nz4T6wlgyUR7zLU309k9mBC768=",
        "owner": "nix-systems",
        "repo": "default",
        "rev": "da67096a3b9bf56a91d16901293e51ba5b49a27e",
        "type": "github"
      },
      "original": {
        "id": "systems",
        "type": "indirect"
      }
    },
    "treefmt-nix": {
      "inputs": {
        "nixpkgs": [
          "poetry2nix",
          "nixpkgs"
        ]
      },
      "locked": {
        "lastModified": 1708335038,
        "narHash": "sha256-ETLZNFBVCabo7lJrpjD6cAbnE11eDOjaQnznmg/6hAE=",
        "owner": "numtide",
        "repo": "treefmt-nix",
        "rev": "e504621290a1fd896631ddbc5e9c16f4366c9f65",
        "type": "github"
      },
      "original": {
        "owner": "numtide",
        "repo": "treefmt-nix",
        "type": "github"
      }
    }
  },
  "root": "root",
  "version": 7
}
